
Microsoft Visual Studio Solution File, Format Version 12.00
# Visual Studio Version 17
VisualStudioVersion = 17.9.34701.34
MinimumVisualStudioVersion = 10.0.40219.1
Project("{FAE04EC0-301F-11D3-BF4B-00C04F79EFBC}") = "GrandmasBookShop", "GrandmasBookShop\GrandmasBookShop.csproj", "{CCC0BB77-030B-4931-97B7-07DF515D892D}"
EndProject
Global
	GlobalSection(SolutionConfigurationPlatforms) = preSolution
		Debug|Any CPU = Debug|Any CPU
		Release|Any CPU = Release|Any CPU
	EndGlobalSection
	GlobalSection(ProjectConfigurationPlatforms) = postSolution
		{CCC0BB77-030B-4931-97B7-07DF515D892D}.Debug|Any CPU.ActiveCfg = Debug|Any CPU
		{CCC0BB77-030B-4931-97B7-07DF515D892D}.Debug|Any CPU.Build.0 = Debug|Any CPU
		{CCC0BB77-030B-4931-97B7-07DF515D892D}.Release|Any CPU.ActiveCfg = Release|Any CPU
		{CCC0BB77-030B-4931-97B7-07DF515D892D}.Release|Any CPU.Build.0 = Release|Any CPU
	EndGlobalSection
	GlobalSection(SolutionProperties) = preSolution
		HideSolutionNode = FALSE
	EndGlobalSection
	GlobalSection(ExtensibilityGlobals) = postSolution
		SolutionGuid = {B5AF3377-AFF6-43A4-BFC9-799D41206CB8}
	EndGlobalSection
EndGlobal
